// !$*UTF8*$!
{
	archiveVersion = 1;
	classes = {
	};
	objectVersion = 46;
	objects = {

/* Begin PBXBuildFile section */
		FE153CD0138C232E003A29DD /* BodyTypeBasic.m in Sources */ = {isa = PBXBuildFile; fileRef = FE153CCF138C232E003A29DD /* BodyTypeBasic.m */; };
		FE153CD4138C260B003A29DD /* BodyTypeText.m in Sources */ = {isa = PBXBuildFile; fileRef = FE153CD3138C260B003A29DD /* BodyTypeText.m */; };
		FE153CD7138C2768003A29DD /* BodyTypeMessage.m in Sources */ = {isa = PBXBuildFile; fileRef = FE153CD6138C2768003A29DD /* BodyTypeMessage.m */; };
		FE153CDA138C2871003A29DD /* BodyTypeMultipart.m in Sources */ = {isa = PBXBuildFile; fileRef = FE153CD9138C2871003A29DD /* BodyTypeMultipart.m */; };
		FE6288C5138B57AE008EB583 /* NSString+Additions.m in Sources */ = {isa = PBXBuildFile; fileRef = FE6288C4138B57AE008EB583 /* NSString+Additions.m */; };
		FE98DB6F138B48FD000923BD /* UIKit.framework in Frameworks */ = {isa = PBXBuildFile; fileRef = FE98DB6E138B48FD000923BD /* UIKit.framework */; };
		FE98DB71138B48FD000923BD /* Foundation.framework in Frameworks */ = {isa = PBXBuildFile; fileRef = FE98DB70138B48FD000923BD /* Foundation.framework */; };
		FE98DB73138B48FD000923BD /* CoreGraphics.framework in Frameworks */ = {isa = PBXBuildFile; fileRef = FE98DB72138B48FD000923BD /* CoreGraphics.framework */; };
		FE98DB79138B48FD000923BD /* InfoPlist.strings in Resources */ = {isa = PBXBuildFile; fileRef = FE98DB77138B48FD000923BD /* InfoPlist.strings */; };
		FE98DB7C138B48FD000923BD /* main.m in Sources */ = {isa = PBXBuildFile; fileRef = FE98DB7B138B48FD000923BD /* main.m */; };
		FE98DB7F138B48FD000923BD /* ReceiverAppDelegate.m in Sources */ = {isa = PBXBuildFile; fileRef = FE98DB7E138B48FD000923BD /* ReceiverAppDelegate.m */; };
		FE98DB82138B48FD000923BD /* MainWindow.xib in Resources */ = {isa = PBXBuildFile; fileRef = FE98DB80138B48FD000923BD /* MainWindow.xib */; };
		FE9B7BE4138BFAEC004FEFB9 /* RawData.m in Sources */ = {isa = PBXBuildFile; fileRef = FE9B7BE3138BFAEC004FEFB9 /* RawData.m */; };
		FE9B7BE7138BFB59004FEFB9 /* IMAPee.m in Sources */ = {isa = PBXBuildFile; fileRef = FE9B7BE6138BFB59004FEFB9 /* IMAPee.m */; };
		FE9B7BEA138BFBFF004FEFB9 /* Literal.m in Sources */ = {isa = PBXBuildFile; fileRef = FE9B7BE9138BFBFF004FEFB9 /* Literal.m */; };
		FE9B7BED138BFC78004FEFB9 /* MessageSet.m in Sources */ = {isa = PBXBuildFile; fileRef = FE9B7BEC138BFC78004FEFB9 /* MessageSet.m */; };
		FECF4772138B52B900E300BC /* LoginAuthenticator.m in Sources */ = {isa = PBXBuildFile; fileRef = FECF4771138B52B900E300BC /* LoginAuthenticator.m */; };
		FED143E5138B554B009F4B8D /* PlainAuthenticator.m in Sources */ = {isa = PBXBuildFile; fileRef = FED143E4138B554B009F4B8D /* PlainAuthenticator.m */; };
		FED143E9138B5668009F4B8D /* CramMD5Authenticator.m in Sources */ = {isa = PBXBuildFile; fileRef = FED143E8138B5668009F4B8D /* CramMD5Authenticator.m */; };
		FEE52828138BEF3A0095DD68 /* ThreadMember.m in Sources */ = {isa = PBXBuildFile; fileRef = FEE52827138BEF3A0095DD68 /* ThreadMember.m */; };
		FEE5282B138BEFE90095DD68 /* ContentDisposition.m in Sources */ = {isa = PBXBuildFile; fileRef = FEE5282A138BEFE90095DD68 /* ContentDisposition.m */; };
		FEE5282E138BF0810095DD68 /* Address.m in Sources */ = {isa = PBXBuildFile; fileRef = FEE5282D138BF0810095DD68 /* Address.m */; };
		FEE52831138BF1190095DD68 /* Envelope.m in Sources */ = {isa = PBXBuildFile; fileRef = FEE52830138BF1190095DD68 /* Envelope.m */; };
		FEE52834138BF22B0095DD68 /* FetchData.m in Sources */ = {isa = PBXBuildFile; fileRef = FEE52833138BF22B0095DD68 /* FetchData.m */; };
		FEE52837138BF2D20095DD68 /* StatusData.m in Sources */ = {isa = PBXBuildFile; fileRef = FEE52836138BF2D20095DD68 /* StatusData.m */; };
		FEE5283A138BF3580095DD68 /* MailboxACLItem.m in Sources */ = {isa = PBXBuildFile; fileRef = FEE52839138BF3580095DD68 /* MailboxACLItem.m */; };
		FEE5283D138BF3FB0095DD68 /* MailboxQuotaRoot.m in Sources */ = {isa = PBXBuildFile; fileRef = FEE5283C138BF3FA0095DD68 /* MailboxQuotaRoot.m */; };
		FEE52840138BF4A90095DD68 /* MailboxQuota.m in Sources */ = {isa = PBXBuildFile; fileRef = FEE5283F138BF4A90095DD68 /* MailboxQuota.m */; };
		FEE52843138BF5390095DD68 /* MailboxList.m in Sources */ = {isa = PBXBuildFile; fileRef = FEE52842138BF5380095DD68 /* MailboxList.m */; };
		FEE52849138BF5C70095DD68 /* ResponseCode.m in Sources */ = {isa = PBXBuildFile; fileRef = FEE52848138BF5C60095DD68 /* ResponseCode.m */; };
		FEE5284C138BF6320095DD68 /* ResponseText.m in Sources */ = {isa = PBXBuildFile; fileRef = FEE5284B138BF6320095DD68 /* ResponseText.m */; };
		FEE5284F138BF6860095DD68 /* TaggedResponse.m in Sources */ = {isa = PBXBuildFile; fileRef = FEE5284E138BF6850095DD68 /* TaggedResponse.m */; };
		FEE52852138BF6F90095DD68 /* UntaggedResponse.m in Sources */ = {isa = PBXBuildFile; fileRef = FEE52851138BF6F80095DD68 /* UntaggedResponse.m */; };
		FEE52855138BF7DB0095DD68 /* ContinuationRequest.m in Sources */ = {isa = PBXBuildFile; fileRef = FEE52854138BF7DB0095DD68 /* ContinuationRequest.m */; };
/* End PBXBuildFile section */

/* Begin PBXFileReference section */
		FE153CCE138C232E003A29DD /* BodyTypeBasic.h */ = {isa = PBXFileReference; fileEncoding = 4; lastKnownFileType = sourcecode.c.h; path = BodyTypeBasic.h; sourceTree = "<group>"; };
		FE153CCF138C232E003A29DD /* BodyTypeBasic.m */ = {isa = PBXFileReference; fileEncoding = 4; lastKnownFileType = sourcecode.c.objc; path = BodyTypeBasic.m; sourceTree = "<group>"; };
		FE153CD2138C260B003A29DD /* BodyTypeText.h */ = {isa = PBXFileReference; fileEncoding = 4; lastKnownFileType = sourcecode.c.h; path = BodyTypeText.h; sourceTree = "<group>"; };
		FE153CD3138C260B003A29DD /* BodyTypeText.m */ = {isa = PBXFileReference; fileEncoding = 4; lastKnownFileType = sourcecode.c.objc; path = BodyTypeText.m; sourceTree = "<group>"; };
		FE153CD5138C2768003A29DD /* BodyTypeMessage.h */ = {isa = PBXFileReference; fileEncoding = 4; lastKnownFileType = sourcecode.c.h; path = BodyTypeMessage.h; sourceTree = "<group>"; };
		FE153CD6138C2768003A29DD /* BodyTypeMessage.m */ = {isa = PBXFileReference; fileEncoding = 4; lastKnownFileType = sourcecode.c.objc; path = BodyTypeMessage.m; sourceTree = "<group>"; };
		FE153CD8138C2871003A29DD /* BodyTypeMultipart.h */ = {isa = PBXFileReference; fileEncoding = 4; lastKnownFileType = sourcecode.c.h; path = BodyTypeMultipart.h; sourceTree = "<group>"; };
		FE153CD9138C2871003A29DD /* BodyTypeMultipart.m */ = {isa = PBXFileReference; fileEncoding = 4; lastKnownFileType = sourcecode.c.objc; path = BodyTypeMultipart.m; sourceTree = "<group>"; };
		FE6288C3138B57AE008EB583 /* NSString+Additions.h */ = {isa = PBXFileReference; fileEncoding = 4; lastKnownFileType = sourcecode.c.h; path = "NSString+Additions.h"; sourceTree = "<group>"; };
		FE6288C4138B57AE008EB583 /* NSString+Additions.m */ = {isa = PBXFileReference; fileEncoding = 4; lastKnownFileType = sourcecode.c.objc; path = "NSString+Additions.m"; sourceTree = "<group>"; };
		FE98DB6A138B48FD000923BD /* Receiver.app */ = {isa = PBXFileReference; explicitFileType = wrapper.application; includeInIndex = 0; path = Receiver.app; sourceTree = BUILT_PRODUCTS_DIR; };
		FE98DB6E138B48FD000923BD /* UIKit.framework */ = {isa = PBXFileReference; lastKnownFileType = wrapper.framework; name = UIKit.framework; path = System/Library/Frameworks/UIKit.framework; sourceTree = SDKROOT; };
		FE98DB70138B48FD000923BD /* Foundation.framework */ = {isa = PBXFileReference; lastKnownFileType = wrapper.framework; name = Foundation.framework; path = System/Library/Frameworks/Foundation.framework; sourceTree = SDKROOT; };
		FE98DB72138B48FD000923BD /* CoreGraphics.framework */ = {isa = PBXFileReference; lastKnownFileType = wrapper.framework; name = CoreGraphics.framework; path = System/Library/Frameworks/CoreGraphics.framework; sourceTree = SDKROOT; };
		FE98DB76138B48FD000923BD /* Receiver-Info.plist */ = {isa = PBXFileReference; lastKnownFileType = text.plist.xml; path = "Receiver-Info.plist"; sourceTree = "<group>"; };
		FE98DB78138B48FD000923BD /* en */ = {isa = PBXFileReference; lastKnownFileType = text.plist.strings; name = en; path = en.lproj/InfoPlist.strings; sourceTree = "<group>"; };
		FE98DB7A138B48FD000923BD /* Receiver-Prefix.pch */ = {isa = PBXFileReference; lastKnownFileType = sourcecode.c.h; path = "Receiver-Prefix.pch"; sourceTree = "<group>"; };
		FE98DB7B138B48FD000923BD /* main.m */ = {isa = PBXFileReference; lastKnownFileType = sourcecode.c.objc; path = main.m; sourceTree = "<group>"; };
		FE98DB7D138B48FD000923BD /* ReceiverAppDelegate.h */ = {isa = PBXFileReference; lastKnownFileType = sourcecode.c.h; path = ReceiverAppDelegate.h; sourceTree = "<group>"; };
		FE98DB7E138B48FD000923BD /* ReceiverAppDelegate.m */ = {isa = PBXFileReference; lastKnownFileType = sourcecode.c.objc; path = ReceiverAppDelegate.m; sourceTree = "<group>"; };
		FE98DB81138B48FD000923BD /* en */ = {isa = PBXFileReference; lastKnownFileType = file.xib; name = en; path = en.lproj/MainWindow.xib; sourceTree = "<group>"; };
		FE9B7BE2138BFAEC004FEFB9 /* RawData.h */ = {isa = PBXFileReference; fileEncoding = 4; lastKnownFileType = sourcecode.c.h; path = RawData.h; sourceTree = "<group>"; };
		FE9B7BE3138BFAEC004FEFB9 /* RawData.m */ = {isa = PBXFileReference; fileEncoding = 4; lastKnownFileType = sourcecode.c.objc; path = RawData.m; sourceTree = "<group>"; };
		FE9B7BE5138BFB59004FEFB9 /* IMAPee.h */ = {isa = PBXFileReference; fileEncoding = 4; lastKnownFileType = sourcecode.c.h; path = IMAPee.h; sourceTree = "<group>"; };
		FE9B7BE6138BFB59004FEFB9 /* IMAPee.m */ = {isa = PBXFileReference; fileEncoding = 4; lastKnownFileType = sourcecode.c.objc; path = IMAPee.m; sourceTree = "<group>"; };
		FE9B7BE8138BFBFF004FEFB9 /* Literal.h */ = {isa = PBXFileReference; fileEncoding = 4; lastKnownFileType = sourcecode.c.h; path = Literal.h; sourceTree = "<group>"; };
		FE9B7BE9138BFBFF004FEFB9 /* Literal.m */ = {isa = PBXFileReference; fileEncoding = 4; lastKnownFileType = sourcecode.c.objc; path = Literal.m; sourceTree = "<group>"; };
		FE9B7BEB138BFC78004FEFB9 /* MessageSet.h */ = {isa = PBXFileReference; fileEncoding = 4; lastKnownFileType = sourcecode.c.h; path = MessageSet.h; sourceTree = "<group>"; };
		FE9B7BEC138BFC78004FEFB9 /* MessageSet.m */ = {isa = PBXFileReference; fileEncoding = 4; lastKnownFileType = sourcecode.c.objc; path = MessageSet.m; sourceTree = "<group>"; };
		FECF4770138B52B900E300BC /* LoginAuthenticator.h */ = {isa = PBXFileReference; fileEncoding = 4; lastKnownFileType = sourcecode.c.h; path = LoginAuthenticator.h; sourceTree = "<group>"; };
		FECF4771138B52B900E300BC /* LoginAuthenticator.m */ = {isa = PBXFileReference; fileEncoding = 4; lastKnownFileType = sourcecode.c.objc; path = LoginAuthenticator.m; sourceTree = "<group>"; };
		FED143E3138B554B009F4B8D /* PlainAuthenticator.h */ = {isa = PBXFileReference; fileEncoding = 4; lastKnownFileType = sourcecode.c.h; path = PlainAuthenticator.h; sourceTree = "<group>"; };
		FED143E4138B554B009F4B8D /* PlainAuthenticator.m */ = {isa = PBXFileReference; fileEncoding = 4; lastKnownFileType = sourcecode.c.objc; path = PlainAuthenticator.m; sourceTree = "<group>"; };
		FED143E7138B5668009F4B8D /* CramMD5Authenticator.h */ = {isa = PBXFileReference; fileEncoding = 4; lastKnownFileType = sourcecode.c.h; path = CramMD5Authenticator.h; sourceTree = "<group>"; };
		FED143E8138B5668009F4B8D /* CramMD5Authenticator.m */ = {isa = PBXFileReference; fileEncoding = 4; lastKnownFileType = sourcecode.c.objc; path = CramMD5Authenticator.m; sourceTree = "<group>"; };
		FEE52826138BEF3A0095DD68 /* ThreadMember.h */ = {isa = PBXFileReference; fileEncoding = 4; lastKnownFileType = sourcecode.c.h; path = ThreadMember.h; sourceTree = "<group>"; };
		FEE52827138BEF3A0095DD68 /* ThreadMember.m */ = {isa = PBXFileReference; fileEncoding = 4; lastKnownFileType = sourcecode.c.objc; path = ThreadMember.m; sourceTree = "<group>"; };
		FEE52829138BEFE90095DD68 /* ContentDisposition.h */ = {isa = PBXFileReference; fileEncoding = 4; lastKnownFileType = sourcecode.c.h; path = ContentDisposition.h; sourceTree = "<group>"; };
		FEE5282A138BEFE90095DD68 /* ContentDisposition.m */ = {isa = PBXFileReference; fileEncoding = 4; lastKnownFileType = sourcecode.c.objc; path = ContentDisposition.m; sourceTree = "<group>"; };
		FEE5282C138BF0810095DD68 /* Address.h */ = {isa = PBXFileReference; fileEncoding = 4; lastKnownFileType = sourcecode.c.h; path = Address.h; sourceTree = "<group>"; };
		FEE5282D138BF0810095DD68 /* Address.m */ = {isa = PBXFileReference; fileEncoding = 4; lastKnownFileType = sourcecode.c.objc; path = Address.m; sourceTree = "<group>"; };
		FEE5282F138BF1190095DD68 /* Envelope.h */ = {isa = PBXFileReference; fileEncoding = 4; lastKnownFileType = sourcecode.c.h; path = Envelope.h; sourceTree = "<group>"; };
		FEE52830138BF1190095DD68 /* Envelope.m */ = {isa = PBXFileReference; fileEncoding = 4; lastKnownFileType = sourcecode.c.objc; path = Envelope.m; sourceTree = "<group>"; };
		FEE52832138BF22B0095DD68 /* FetchData.h */ = {isa = PBXFileReference; fileEncoding = 4; lastKnownFileType = sourcecode.c.h; path = FetchData.h; sourceTree = "<group>"; };
		FEE52833138BF22B0095DD68 /* FetchData.m */ = {isa = PBXFileReference; fileEncoding = 4; lastKnownFileType = sourcecode.c.objc; path = FetchData.m; sourceTree = "<group>"; };
		FEE52835138BF2D10095DD68 /* StatusData.h */ = {isa = PBXFileReference; fileEncoding = 4; lastKnownFileType = sourcecode.c.h; path = StatusData.h; sourceTree = "<group>"; };
		FEE52836138BF2D20095DD68 /* StatusData.m */ = {isa = PBXFileReference; fileEncoding = 4; lastKnownFileType = sourcecode.c.objc; path = StatusData.m; sourceTree = "<group>"; };
		FEE52838138BF3570095DD68 /* MailboxACLItem.h */ = {isa = PBXFileReference; fileEncoding = 4; lastKnownFileType = sourcecode.c.h; path = MailboxACLItem.h; sourceTree = "<group>"; };
		FEE52839138BF3580095DD68 /* MailboxACLItem.m */ = {isa = PBXFileReference; fileEncoding = 4; lastKnownFileType = sourcecode.c.objc; path = MailboxACLItem.m; sourceTree = "<group>"; };
		FEE5283B138BF3FA0095DD68 /* MailboxQuotaRoot.h */ = {isa = PBXFileReference; fileEncoding = 4; lastKnownFileType = sourcecode.c.h; path = MailboxQuotaRoot.h; sourceTree = "<group>"; };
		FEE5283C138BF3FA0095DD68 /* MailboxQuotaRoot.m */ = {isa = PBXFileReference; fileEncoding = 4; lastKnownFileType = sourcecode.c.objc; path = MailboxQuotaRoot.m; sourceTree = "<group>"; };
		FEE5283E138BF4A80095DD68 /* MailboxQuota.h */ = {isa = PBXFileReference; fileEncoding = 4; lastKnownFileType = sourcecode.c.h; path = MailboxQuota.h; sourceTree = "<group>"; };
		FEE5283F138BF4A90095DD68 /* MailboxQuota.m */ = {isa = PBXFileReference; fileEncoding = 4; lastKnownFileType = sourcecode.c.objc; path = MailboxQuota.m; sourceTree = "<group>"; };
		FEE52841138BF5380095DD68 /* MailboxList.h */ = {isa = PBXFileReference; fileEncoding = 4; lastKnownFileType = sourcecode.c.h; path = MailboxList.h; sourceTree = "<group>"; };
		FEE52842138BF5380095DD68 /* MailboxList.m */ = {isa = PBXFileReference; fileEncoding = 4; lastKnownFileType = sourcecode.c.objc; path = MailboxList.m; sourceTree = "<group>"; };
		FEE52847138BF5C60095DD68 /* ResponseCode.h */ = {isa = PBXFileReference; fileEncoding = 4; lastKnownFileType = sourcecode.c.h; path = ResponseCode.h; sourceTree = "<group>"; };
		FEE52848138BF5C60095DD68 /* ResponseCode.m */ = {isa = PBXFileReference; fileEncoding = 4; lastKnownFileType = sourcecode.c.objc; path = ResponseCode.m; sourceTree = "<group>"; };
		FEE5284A138BF6310095DD68 /* ResponseText.h */ = {isa = PBXFileReference; fileEncoding = 4; lastKnownFileType = sourcecode.c.h; path = ResponseText.h; sourceTree = "<group>"; };
		FEE5284B138BF6320095DD68 /* ResponseText.m */ = {isa = PBXFileReference; fileEncoding = 4; lastKnownFileType = sourcecode.c.objc; path = ResponseText.m; sourceTree = "<group>"; };
		FEE5284D138BF6840095DD68 /* TaggedResponse.h */ = {isa = PBXFileReference; fileEncoding = 4; lastKnownFileType = sourcecode.c.h; path = TaggedResponse.h; sourceTree = "<group>"; };
		FEE5284E138BF6850095DD68 /* TaggedResponse.m */ = {isa = PBXFileReference; fileEncoding = 4; lastKnownFileType = sourcecode.c.objc; path = TaggedResponse.m; sourceTree = "<group>"; };
		FEE52850138BF6F70095DD68 /* UntaggedResponse.h */ = {isa = PBXFileReference; fileEncoding = 4; lastKnownFileType = sourcecode.c.h; path = UntaggedResponse.h; sourceTree = "<group>"; };
		FEE52851138BF6F80095DD68 /* UntaggedResponse.m */ = {isa = PBXFileReference; fileEncoding = 4; lastKnownFileType = sourcecode.c.objc; path = UntaggedResponse.m; sourceTree = "<group>"; };
		FEE52853138BF7DA0095DD68 /* ContinuationRequest.h */ = {isa = PBXFileReference; fileEncoding = 4; lastKnownFileType = sourcecode.c.h; path = ContinuationRequest.h; sourceTree = "<group>"; };
		FEE52854138BF7DB0095DD68 /* ContinuationRequest.m */ = {isa = PBXFileReference; fileEncoding = 4; lastKnownFileType = sourcecode.c.objc; path = ContinuationRequest.m; sourceTree = "<group>"; };
/* End PBXFileReference section */

/* Begin PBXFrameworksBuildPhase section */
		FE98DB67138B48FD000923BD /* Frameworks */ = {
			isa = PBXFrameworksBuildPhase;
			buildActionMask = 2147483647;
			files = (
				FE98DB6F138B48FD000923BD /* UIKit.framework in Frameworks */,
				FE98DB71138B48FD000923BD /* Foundation.framework in Frameworks */,
				FE98DB73138B48FD000923BD /* CoreGraphics.framework in Frameworks */,
			);
			runOnlyForDeploymentPostprocessing = 0;
		};
/* End PBXFrameworksBuildPhase section */

/* Begin PBXGroup section */
		FE182483138C1F1800FAC547 /* Body Types */ = {
			isa = PBXGroup;
			children = (
				FE153CCE138C232E003A29DD /* BodyTypeBasic.h */,
				FE153CCF138C232E003A29DD /* BodyTypeBasic.m */,
				FE153CD2138C260B003A29DD /* BodyTypeText.h */,
				FE153CD3138C260B003A29DD /* BodyTypeText.m */,
				FE153CD5138C2768003A29DD /* BodyTypeMessage.h */,
				FE153CD6138C2768003A29DD /* BodyTypeMessage.m */,
				FE153CD8138C2871003A29DD /* BodyTypeMultipart.h */,
				FE153CD9138C2871003A29DD /* BodyTypeMultipart.m */,
			);
			name = "Body Types";
			sourceTree = "<group>";
		};
		FE6288C7138B57B6008EB583 /* Additions */ = {
			isa = PBXGroup;
			children = (
				FE6288C3138B57AE008EB583 /* NSString+Additions.h */,
				FE6288C4138B57AE008EB583 /* NSString+Additions.m */,
			);
			name = Additions;
			sourceTree = "<group>";
		};
		FE98DB5F138B48FD000923BD = {
			isa = PBXGroup;
			children = (
				FE98DB74138B48FD000923BD /* Receiver */,
				FE98DB6D138B48FD000923BD /* Frameworks */,
				FE98DB6B138B48FD000923BD /* Products */,
			);
			sourceTree = "<group>";
		};
		FE98DB6B138B48FD000923BD /* Products */ = {
			isa = PBXGroup;
			children = (
				FE98DB6A138B48FD000923BD /* Receiver.app */,
			);
			name = Products;
			sourceTree = "<group>";
		};
		FE98DB6D138B48FD000923BD /* Frameworks */ = {
			isa = PBXGroup;
			children = (
				FE98DB6E138B48FD000923BD /* UIKit.framework */,
				FE98DB70138B48FD000923BD /* Foundation.framework */,
				FE98DB72138B48FD000923BD /* CoreGraphics.framework */,
			);
			name = Frameworks;
			sourceTree = "<group>";
		};
		FE98DB74138B48FD000923BD /* Receiver */ = {
			isa = PBXGroup;
			children = (
				FE98DB7D138B48FD000923BD /* ReceiverAppDelegate.h */,
				FE98DB7E138B48FD000923BD /* ReceiverAppDelegate.m */,
				FE98DB80138B48FD000923BD /* MainWindow.xib */,
				FE9B7BE5138BFB59004FEFB9 /* IMAPee.h */,
				FE9B7BE6138BFB59004FEFB9 /* IMAPee.m */,
				FE182483138C1F1800FAC547 /* Body Types */,
				FE9B7BE1138BF9FD004FEFB9 /* Data Classes */,
				FEE52824138BEF2A0095DD68 /* Structs */,
				FECF4774138B52C700E300BC /* Authenticators */,
				FE6288C7138B57B6008EB583 /* Additions */,
				FE98DB75138B48FD000923BD /* Supporting Files */,
			);
			path = Receiver;
			sourceTree = "<group>";
		};
		FE98DB75138B48FD000923BD /* Supporting Files */ = {
			isa = PBXGroup;
			children = (
				FE98DB76138B48FD000923BD /* Receiver-Info.plist */,
				FE98DB77138B48FD000923BD /* InfoPlist.strings */,
				FE98DB7A138B48FD000923BD /* Receiver-Prefix.pch */,
				FE98DB7B138B48FD000923BD /* main.m */,
			);
			name = "Supporting Files";
			sourceTree = "<group>";
		};
		FE9B7BE1138BF9FD004FEFB9 /* Data Classes */ = {
			isa = PBXGroup;
			children = (
				FE9B7BE2138BFAEC004FEFB9 /* RawData.h */,
				FE9B7BE3138BFAEC004FEFB9 /* RawData.m */,
				FE9B7BE8138BFBFF004FEFB9 /* Literal.h */,
				FE9B7BE9138BFBFF004FEFB9 /* Literal.m */,
				FE9B7BEB138BFC78004FEFB9 /* MessageSet.h */,
				FE9B7BEC138BFC78004FEFB9 /* MessageSet.m */,
			);
			name = "Data Classes";
			sourceTree = "<group>";
		};
		FECF4774138B52C700E300BC /* Authenticators */ = {
			isa = PBXGroup;
			children = (
				FED143E3138B554B009F4B8D /* PlainAuthenticator.h */,
				FED143E4138B554B009F4B8D /* PlainAuthenticator.m */,
				FECF4770138B52B900E300BC /* LoginAuthenticator.h */,
				FECF4771138B52B900E300BC /* LoginAuthenticator.m */,
				FED143E7138B5668009F4B8D /* CramMD5Authenticator.h */,
				FED143E8138B5668009F4B8D /* CramMD5Authenticator.m */,
			);
			name = Authenticators;
			sourceTree = "<group>";
		};
		FEE52824138BEF2A0095DD68 /* Structs */ = {
			isa = PBXGroup;
			children = (
				FEE52853138BF7DA0095DD68 /* ContinuationRequest.h */,
				FEE52854138BF7DB0095DD68 /* ContinuationRequest.m */,
				FEE52850138BF6F70095DD68 /* UntaggedResponse.h */,
				FEE52851138BF6F80095DD68 /* UntaggedResponse.m */,
				FEE5284D138BF6840095DD68 /* TaggedResponse.h */,
				FEE5284E138BF6850095DD68 /* TaggedResponse.m */,
				FEE5284A138BF6310095DD68 /* ResponseText.h */,
				FEE5284B138BF6320095DD68 /* ResponseText.m */,
				FEE52847138BF5C60095DD68 /* ResponseCode.h */,
				FEE52848138BF5C60095DD68 /* ResponseCode.m */,
				FEE52841138BF5380095DD68 /* MailboxList.h */,
				FEE52842138BF5380095DD68 /* MailboxList.m */,
				FEE5283E138BF4A80095DD68 /* MailboxQuota.h */,
				FEE5283F138BF4A90095DD68 /* MailboxQuota.m */,
				FEE5283B138BF3FA0095DD68 /* MailboxQuotaRoot.h */,
				FEE5283C138BF3FA0095DD68 /* MailboxQuotaRoot.m */,
				FEE52838138BF3570095DD68 /* MailboxACLItem.h */,
				FEE52839138BF3580095DD68 /* MailboxACLItem.m */,
				FEE52835138BF2D10095DD68 /* StatusData.h */,
				FEE52836138BF2D20095DD68 /* StatusData.m */,
				FEE52832138BF22B0095DD68 /* FetchData.h */,
				FEE52833138BF22B0095DD68 /* FetchData.m */,
				FEE5282F138BF1190095DD68 /* Envelope.h */,
				FEE52830138BF1190095DD68 /* Envelope.m */,
				FEE5282C138BF0810095DD68 /* Address.h */,
				FEE5282D138BF0810095DD68 /* Address.m */,
				FEE52829138BEFE90095DD68 /* ContentDisposition.h */,
				FEE5282A138BEFE90095DD68 /* ContentDisposition.m */,
				FEE52826138BEF3A0095DD68 /* ThreadMember.h */,
				FEE52827138BEF3A0095DD68 /* ThreadMember.m */,
			);
			name = Structs;
			sourceTree = "<group>";
		};
/* End PBXGroup section */

/* Begin PBXNativeTarget section */
		FE98DB69138B48FD000923BD /* Receiver */ = {
			isa = PBXNativeTarget;
			buildConfigurationList = FE98DB85138B48FD000923BD /* Build configuration list for PBXNativeTarget "Receiver" */;
			buildPhases = (
				FE98DB66138B48FD000923BD /* Sources */,
				FE98DB67138B48FD000923BD /* Frameworks */,
				FE98DB68138B48FD000923BD /* Resources */,
			);
			buildRules = (
			);
			dependencies = (
			);
			name = Receiver;
			productName = Receiver;
			productReference = FE98DB6A138B48FD000923BD /* Receiver.app */;
			productType = "com.apple.product-type.application";
		};
/* End PBXNativeTarget section */

/* Begin PBXProject section */
		FE98DB61138B48FD000923BD /* Project object */ = {
			isa = PBXProject;
			attributes = {
				ORGANIZATIONNAME = "And a Dinosaur";
			};
			buildConfigurationList = FE98DB64138B48FD000923BD /* Build configuration list for PBXProject "Receiver" */;
			compatibilityVersion = "Xcode 3.2";
			developmentRegion = English;
			hasScannedForEncodings = 0;
			knownRegions = (
				en,
			);
			mainGroup = FE98DB5F138B48FD000923BD;
			productRefGroup = FE98DB6B138B48FD000923BD /* Products */;
			projectDirPath = "";
			projectRoot = "";
			targets = (
				FE98DB69138B48FD000923BD /* Receiver */,
			);
		};
/* End PBXProject section */

/* Begin PBXResourcesBuildPhase section */
		FE98DB68138B48FD000923BD /* Resources */ = {
			isa = PBXResourcesBuildPhase;
			buildActionMask = 2147483647;
			files = (
				FE98DB79138B48FD000923BD /* InfoPlist.strings in Resources */,
				FE98DB82138B48FD000923BD /* MainWindow.xib in Resources */,
			);
			runOnlyForDeploymentPostprocessing = 0;
		};
/* End PBXResourcesBuildPhase section */

/* Begin PBXSourcesBuildPhase section */
		FE98DB66138B48FD000923BD /* Sources */ = {
			isa = PBXSourcesBuildPhase;
			buildActionMask = 2147483647;
			files = (
				FE98DB7C138B48FD000923BD /* main.m in Sources */,
				FE98DB7F138B48FD000923BD /* ReceiverAppDelegate.m in Sources */,
				FECF4772138B52B900E300BC /* LoginAuthenticator.m in Sources */,
				FED143E5138B554B009F4B8D /* PlainAuthenticator.m in Sources */,
				FED143E9138B5668009F4B8D /* CramMD5Authenticator.m in Sources */,
				FE6288C5138B57AE008EB583 /* NSString+Additions.m in Sources */,
				FEE52828138BEF3A0095DD68 /* ThreadMember.m in Sources */,
				FEE5282B138BEFE90095DD68 /* ContentDisposition.m in Sources */,
				FEE5282E138BF0810095DD68 /* Address.m in Sources */,
				FEE52831138BF1190095DD68 /* Envelope.m in Sources */,
				FEE52834138BF22B0095DD68 /* FetchData.m in Sources */,
				FEE52837138BF2D20095DD68 /* StatusData.m in Sources */,
				FEE5283A138BF3580095DD68 /* MailboxACLItem.m in Sources */,
				FEE5283D138BF3FB0095DD68 /* MailboxQuotaRoot.m in Sources */,
				FEE52840138BF4A90095DD68 /* MailboxQuota.m in Sources */,
				FEE52843138BF5390095DD68 /* MailboxList.m in Sources */,
				FEE52849138BF5C70095DD68 /* ResponseCode.m in Sources */,
				FEE5284C138BF6320095DD68 /* ResponseText.m in Sources */,
				FEE5284F138BF6860095DD68 /* TaggedResponse.m in Sources */,
				FEE52852138BF6F90095DD68 /* UntaggedResponse.m in Sources */,
				FEE52855138BF7DB0095DD68 /* ContinuationRequest.m in Sources */,
				FE9B7BE4138BFAEC004FEFB9 /* RawData.m in Sources */,
				FE9B7BE7138BFB59004FEFB9 /* IMAPee.m in Sources */,
				FE9B7BEA138BFBFF004FEFB9 /* Literal.m in Sources */,
				FE9B7BED138BFC78004FEFB9 /* MessageSet.m in Sources */,
				FE153CD0138C232E003A29DD /* BodyTypeBasic.m in Sources */,
				FE153CD4138C260B003A29DD /* BodyTypeText.m in Sources */,
				FE153CD7138C2768003A29DD /* BodyTypeMessage.m in Sources */,
				FE153CDA138C2871003A29DD /* BodyTypeMultipart.m in Sources */,
			);
			runOnlyForDeploymentPostprocessing = 0;
		};
/* End PBXSourcesBuildPhase section */

/* Begin PBXVariantGroup section */
		FE98DB77138B48FD000923BD /* InfoPlist.strings */ = {
			isa = PBXVariantGroup;
			children = (
				FE98DB78138B48FD000923BD /* en */,
			);
			name = InfoPlist.strings;
			sourceTree = "<group>";
		};
		FE98DB80138B48FD000923BD /* MainWindow.xib */ = {
			isa = PBXVariantGroup;
			children = (
				FE98DB81138B48FD000923BD /* en */,
			);
			name = MainWindow.xib;
			sourceTree = "<group>";
		};
/* End PBXVariantGroup section */

/* Begin XCBuildConfiguration section */
		FE98DB83138B48FD000923BD /* Debug */ = {
			isa = XCBuildConfiguration;
			buildSettings = {
				ARCHS = "$(ARCHS_STANDARD_32_BIT)";
				"CODE_SIGN_IDENTITY[sdk=iphoneos*]" = "iPhone Developer";
				GCC_C_LANGUAGE_STANDARD = gnu99;
				GCC_OPTIMIZATION_LEVEL = 0;
				GCC_PREPROCESSOR_DEFINITIONS = DEBUG;
				GCC_SYMBOLS_PRIVATE_EXTERN = NO;
				GCC_VERSION = com.apple.compilers.llvmgcc42;
				GCC_WARN_ABOUT_RETURN_TYPE = YES;
				GCC_WARN_UNUSED_VARIABLE = YES;
				IPHONEOS_DEPLOYMENT_TARGET = 4.3;
				SDKROOT = iphoneos;
			};
			name = Debug;
		};
		FE98DB84138B48FD000923BD /* Release */ = {
			isa = XCBuildConfiguration;
			buildSettings = {
				ARCHS = "$(ARCHS_STANDARD_32_BIT)";
				"CODE_SIGN_IDENTITY[sdk=iphoneos*]" = "iPhone Developer";
				GCC_C_LANGUAGE_STANDARD = gnu99;
				GCC_VERSION = com.apple.compilers.llvmgcc42;
				GCC_WARN_ABOUT_RETURN_TYPE = YES;
				GCC_WARN_UNUSED_VARIABLE = YES;
				IPHONEOS_DEPLOYMENT_TARGET = 4.3;
				OTHER_CFLAGS = "-DNS_BLOCK_ASSERTIONS=1";
				SDKROOT = iphoneos;
			};
			name = Release;
		};
		FE98DB86138B48FD000923BD /* Debug */ = {
			isa = XCBuildConfiguration;
			buildSettings = {
				ALWAYS_SEARCH_USER_PATHS = NO;
				COPY_PHASE_STRIP = NO;
				GCC_DYNAMIC_NO_PIC = NO;
				GCC_PRECOMPILE_PREFIX_HEADER = YES;
				GCC_PREFIX_HEADER = "Receiver/Receiver-Prefix.pch";
				INFOPLIST_FILE = "Receiver/Receiver-Info.plist";
				PRODUCT_NAME = "$(TARGET_NAME)";
				WRAPPER_EXTENSION = app;
			};
			name = Debug;
		};
		FE98DB87138B48FD000923BD /* Release */ = {
			isa = XCBuildConfiguration;
			buildSettings = {
				ALWAYS_SEARCH_USER_PATHS = NO;
				COPY_PHASE_STRIP = YES;
				GCC_PRECOMPILE_PREFIX_HEADER = YES;
				GCC_PREFIX_HEADER = "Receiver/Receiver-Prefix.pch";
				INFOPLIST_FILE = "Receiver/Receiver-Info.plist";
				PRODUCT_NAME = "$(TARGET_NAME)";
				VALIDATE_PRODUCT = YES;
				WRAPPER_EXTENSION = app;
			};
			name = Release;
		};
/* End XCBuildConfiguration section */

/* Begin XCConfigurationList section */
		FE98DB64138B48FD000923BD /* Build configuration list for PBXProject "Receiver" */ = {
			isa = XCConfigurationList;
			buildConfigurations = (
				FE98DB83138B48FD000923BD /* Debug */,
				FE98DB84138B48FD000923BD /* Release */,
			);
			defaultConfigurationIsVisible = 0;
			defaultConfigurationName = Release;
		};
		FE98DB85138B48FD000923BD /* Build configuration list for PBXNativeTarget "Receiver" */ = {
			isa = XCConfigurationList;
			buildConfigurations = (
				FE98DB86138B48FD000923BD /* Debug */,
				FE98DB87138B48FD000923BD /* Release */,
			);
			defaultConfigurationIsVisible = 0;
			defaultConfigurationName = Release;
		};
/* End XCConfigurationList section */
	};
	rootObject = FE98DB61138B48FD000923BD /* Project object */;
}
